<Solution>
  <Project Path="../tests/CustomerManagement.Application.Tests/CustomerManagement.Application.Tests.csproj" />
  <Project Path="CustomerManagement.Api/CustomerManagement.Api.csproj" />
  <Project Path="CustomerManagement.Application/CustomerManagement.Application.csproj" />
  <Project Path="CustomerManagement.Domain/CustomerManagement.Domain.csproj" />
  <Project Path="CustomerManagement.Infrastructure/CustomerManagement.Infrastructure.csproj" />
</Solution>
